{
  "name": "intothemoss",
  "version": "1.0.0",
  "lockfileVersion": 2,
  "requires": true,
  "packages": {
    "": {
      "name": "intothemoss",
      "version": "1.0.0",
      "license": "ISC",
      "dependencies": {
        "@sentry/browser": "^6.13.2",
        "@sentry/tracing": "^6.13.2"
      },
      "devDependencies": {}
    },
    "node_modules/@sentry/browser": {
      "version": "6.13.2",
      "resolved": "https://registry.npmjs.org/@sentry/browser/-/browser-6.13.2.tgz",
      "integrity": "sha512-bkFXK4vAp2UX/4rQY0pj2Iky55Gnwr79CtveoeeMshoLy5iDgZ8gvnLNAz7om4B9OQk1u7NzLEa4IXAmHTUyag==",
      "dependencies": {
        "@sentry/core": "6.13.2",
        "@sentry/types": "6.13.2",
        "@sentry/utils": "6.13.2",
        "tslib": "^1.9.3"
      },
      "engines": {
        "node": ">=6"
      }
    },
    "node_modules/@sentry/core": {
      "version": "6.13.2",
      "resolved": "https://registry.npmjs.org/@sentry/core/-/core-6.13.2.tgz",
      "integrity": "sha512-snXNNFLwlS7yYxKTX4DBXebvJK+6ikBWN6noQ1CHowvM3ReFBlrdrs0Z0SsSFEzXm2S4q7f6HHbm66GSQZ/8FQ==",
      "dependencies": {
        "@sentry/hub": "6.13.2",
        "@sentry/minimal": "6.13.2",
        "@sentry/types": "6.13.2",
        "@sentry/utils": "6.13.2",
        "tslib": "^1.9.3"
      },
      "engines": {
        "node": ">=6"
      }
    },
    "node_modules/@sentry/hub": {
      "version": "6.13.2",
      "resolved": "https://registry.npmjs.org/@sentry/hub/-/hub-6.13.2.tgz",
      "integrity": "sha512-sppSuJdNMiMC/vFm/dQowCBh11uTrmvks00fc190YWgxHshodJwXMdpc+pN61VSOmy2QA4MbQ5aMAgHzPzel3A==",
      "dependencies": {
        "@sentry/types": "6.13.2",
        "@sentry/utils": "6.13.2",
        "tslib": "^1.9.3"
      },
      "engines": {
        "node": ">=6"
      }
    },
    "node_modules/@sentry/minimal": {
      "version": "6.13.2",
      "resolved": "https://registry.npmjs.org/@sentry/minimal/-/minimal-6.13.2.tgz",
      "integrity": "sha512-6iJfEvHzzpGBHDfLxSHcGObh73XU1OSQKWjuhDOe7UQDyI4BQmTfcXAC+Fr8sm8C/tIsmpVi/XJhs8cubFdSMw==",
      "dependencies": {
        "@sentry/hub": "6.13.2",
        "@sentry/types": "6.13.2",
        "tslib": "^1.9.3"
      },
      "engines": {
        "node": ">=6"
      }
    },
    "node_modules/@sentry/tracing": {
      "version": "6.13.2",
      "resolved": "https://registry.npmjs.org/@sentry/tracing/-/tracing-6.13.2.tgz",
      "integrity": "sha512-bHJz+C/nd6biWTNcYAu91JeRilsvVgaye4POkdzWSmD0XoLWHVMrpCQobGpXe7onkp2noU3YQjhqgtBqPHtnpw==",
      "dependencies": {
        "@sentry/hub": "6.13.2",
        "@sentry/minimal": "6.13.2",
        "@sentry/types": "6.13.2",
        "@sentry/utils": "6.13.2",
        "tslib": "^1.9.3"
      },
      "engines": {
        "node": ">=6"
      }
    },
    "node_modules/@sentry/types": {
      "version": "6.13.2",
      "resolved": "https://registry.npmjs.org/@sentry/types/-/types-6.13.2.tgz",
      "integrity": "sha512-6WjGj/VjjN8LZDtqJH5ikeB1o39rO1gYS6anBxiS3d0sXNBb3Ux0pNNDFoBxQpOhmdDHXYS57MEptX9EV82gmg==",
      "engines": {
        "node": ">=6"
      }
    },
    "node_modules/@sentry/utils": {
      "version": "6.13.2",
      "resolved": "https://registry.npmjs.org/@sentry/utils/-/utils-6.13.2.tgz",
      "integrity": "sha512-foF4PbxqPMWNbuqdXkdoOmKm3quu3PP7Q7j/0pXkri4DtCuvF/lKY92mbY0V9rHS/phCoj+3/Se5JvM2ymh2/w==",
      "dependencies": {
        "@sentry/types": "6.13.2",
        "tslib": "^1.9.3"
      },
      "engines": {
        "node": ">=6"
      }
    },
    "node_modules/tslib": {
      "version": "1.14.1",
      "resolved": "https://registry.npmjs.org/tslib/-/tslib-1.14.1.tgz",
      "integrity": "sha512-Xni35NKzjgMrwevysHTCArtLDpPvye8zV/0E4EyYn43P7/7qvQwPh9BGkHewbMulVntbigmcT7rdX3BNo9wRJg=="
    }
  },
  "dependencies": {
    "@sentry/browser": {
      "version": "6.13.2",
      "resolved": "https://registry.npmjs.org/@sentry/browser/-/browser-6.13.2.tgz",
      "integrity": "sha512-bkFXK4vAp2UX/4rQY0pj2Iky55Gnwr79CtveoeeMshoLy5iDgZ8gvnLNAz7om4B9OQk1u7NzLEa4IXAmHTUyag==",
      "requires": {
        "@sentry/core": "6.13.2",
        "@sentry/types": "6.13.2",
        "@sentry/utils": "6.13.2",
        "tslib": "^1.9.3"
      }
    },
    "@sentry/core": {
      "version": "6.13.2",
      "resolved": "https://registry.npmjs.org/@sentry/core/-/core-6.13.2.tgz",
      "integrity": "sha512-snXNNFLwlS7yYxKTX4DBXebvJK+6ikBWN6noQ1CHowvM3ReFBlrdrs0Z0SsSFEzXm2S4q7f6HHbm66GSQZ/8FQ==",
      "requires": {
        "@sentry/hub": "6.13.2",
        "@sentry/minimal": "6.13.2",
        "@sentry/types": "6.13.2",
        "@sentry/utils": "6.13.2",
        "tslib": "^1.9.3"
      }
    },
    "@sentry/hub": {
      "version": "6.13.2",
      "resolved": "https://registry.npmjs.org/@sentry/hub/-/hub-6.13.2.tgz",
      "integrity": "sha512-sppSuJdNMiMC/vFm/dQowCBh11uTrmvks00fc190YWgxHshodJwXMdpc+pN61VSOmy2QA4MbQ5aMAgHzPzel3A==",
      "requires": {
        "@sentry/types": "6.13.2",
        "@sentry/utils": "6.13.2",
        "tslib": "^1.9.3"
      }
    },
    "@sentry/minimal": {
      "version": "6.13.2",
      "resolved": "https://registry.npmjs.org/@sentry/minimal/-/minimal-6.13.2.tgz",
      "integrity": "sha512-6iJfEvHzzpGBHDfLxSHcGObh73XU1OSQKWjuhDOe7UQDyI4BQmTfcXAC+Fr8sm8C/tIsmpVi/XJhs8cubFdSMw==",
      "requires": {
        "@sentry/hub": "6.13.2",
        "@sentry/types": "6.13.2",
        "tslib": "^1.9.3"
      }
    },
    "@sentry/tracing": {
      "version": "6.13.2",
      "resolved": "https://registry.npmjs.org/@sentry/tracing/-/tracing-6.13.2.tgz",
      "integrity": "sha512-bHJz+C/nd6biWTNcYAu91JeRilsvVgaye4POkdzWSmD0XoLWHVMrpCQobGpXe7onkp2noU3YQjhqgtBqPHtnpw==",
      "requires": {
        "@sentry/hub": "6.13.2",
        "@sentry/minimal": "6.13.2",
        "@sentry/types": "6.13.2",
        "@sentry/utils": "6.13.2",
        "tslib": "^1.9.3"
      }
    },
    "@sentry/types": {
      "version": "6.13.2",
      "resolved": "https://registry.npmjs.org/@sentry/types/-/types-6.13.2.tgz",
      "integrity": "sha512-6WjGj/VjjN8LZDtqJH5ikeB1o39rO1gYS6anBxiS3d0sXNBb3Ux0pNNDFoBxQpOhmdDHXYS57MEptX9EV82gmg=="
    },
    "@sentry/utils": {
      "version": "6.13.2",
      "resolved": "https://registry.npmjs.org/@sentry/utils/-/utils-6.13.2.tgz",
      "integrity": "sha512-foF4PbxqPMWNbuqdXkdoOmKm3quu3PP7Q7j/0pXkri4DtCuvF/lKY92mbY0V9rHS/phCoj+3/Se5JvM2ymh2/w==",
      "requires": {
        "@sentry/types": "6.13.2",
        "tslib": "^1.9.3"
      }
    },
    "tslib": {
      "version": "1.14.1",
      "resolved": "https://registry.npmjs.org/tslib/-/tslib-1.14.1.tgz",
      "integrity": "sha512-Xni35NKzjgMrwevysHTCArtLDpPvye8zV/0E4EyYn43P7/7qvQwPh9BGkHewbMulVntbigmcT7rdX3BNo9wRJg=="
    }
  }
}
